
Microsoft Visual Studio Solution File, Format Version 12.00
# Visual Studio Version 16
VisualStudioVersion = 16.0.30804.86
MinimumVisualStudioVersion = 10.0.40219.1
Project("{FAE04EC0-301F-11D3-BF4B-00C04F79EFBC}") = "ClassMetotDemo", "ClassMetotDemo\ClassMetotDemo.csproj", "{330C1D48-87FF-4D8F-AE1E-D1E02F36868C}"
EndProject
Global
	GlobalSection(SolutionConfigurationPlatforms) = preSolution
		Debug|Any CPU = Debug|Any CPU
		Release|Any CPU = Release|Any CPU
	EndGlobalSection
	GlobalSection(ProjectConfigurationPlatforms) = postSolution
		{330C1D48-87FF-4D8F-AE1E-D1E02F36868C}.Debug|Any CPU.ActiveCfg = Debug|Any CPU
		{330C1D48-87FF-4D8F-AE1E-D1E02F36868C}.Debug|Any CPU.Build.0 = Debug|Any CPU
		{330C1D48-87FF-4D8F-AE1E-D1E02F36868C}.Release|Any CPU.ActiveCfg = Release|Any CPU
		{330C1D48-87FF-4D8F-AE1E-D1E02F36868C}.Release|Any CPU.Build.0 = Release|Any CPU
	EndGlobalSection
	GlobalSection(SolutionProperties) = preSolution
		HideSolutionNode = FALSE
	EndGlobalSection
	GlobalSection(ExtensibilityGlobals) = postSolution
		SolutionGuid = {4D0E6352-97C2-457D-940C-29EBC0AE8D4C}
	EndGlobalSection
EndGlobal
